
Microsoft Visual Studio Solution File, Format Version 12.00
# Visual Studio 15
VisualStudioVersion = 15.0.28010.2048
MinimumVisualStudioVersion = 10.0.40219.1
Project("{FAE04EC0-301F-11D3-BF4B-00C04F79EFBC}") = "proj5", "proj5\proj5.csproj", "{96E93D93-39DC-4A00-AF3D-A39F53E56FFC}"
EndProject
Global
	GlobalSection(SolutionConfigurationPlatforms) = preSolution
		Debug|Any CPU = Debug|Any CPU
		Release|Any CPU = Release|Any CPU
	EndGlobalSection
	GlobalSection(ProjectConfigurationPlatforms) = postSolution
		{96E93D93-39DC-4A00-AF3D-A39F53E56FFC}.Debug|Any CPU.ActiveCfg = Debug|Any CPU
		{96E93D93-39DC-4A00-AF3D-A39F53E56FFC}.Debug|Any CPU.Build.0 = Debug|Any CPU
		{96E93D93-39DC-4A00-AF3D-A39F53E56FFC}.Release|Any CPU.ActiveCfg = Release|Any CPU
		{96E93D93-39DC-4A00-AF3D-A39F53E56FFC}.Release|Any CPU.Build.0 = Release|Any CPU
	EndGlobalSection
	GlobalSection(SolutionProperties) = preSolution
		HideSolutionNode = FALSE
	EndGlobalSection
	GlobalSection(ExtensibilityGlobals) = postSolution
		SolutionGuid = {63EF2073-809A-458B-9A8E-3AD34BC27636}
	EndGlobalSection
EndGlobal
